github.com/docopt/docopt-go v0.0.0-20180111231733-ee0de3bc6815 h1:bWDMxwH3px2JBh6AyO7hdCn/PkvCZXii8TGj7sbtEbQ=
github.com/docopt/docopt-go v0.0.0-20180111231733-ee0de3bc6815/go.mod h1:WwZ+bS3ebgob9U8Nd0kOddGdZWjyMGR8Wziv+TBNwSE=
github.com/greymd/ojichat v0.2.0 h1:4RlDB2X6Vlue0jFkfXldGGRSJoKPirJDJfc40RDJCpg=
github.com/greymd/ojichat v0.2.0/go.mod h1:Jqyh6K1nCXDnOUoknG0jds/noylA3AfXEgGxWuQ5MPw=
github.com/ikawaha/kagome.ipadic v1.1.0 h1:9hzwhcklEL4Cmp+lM9HQfmDg2nhB43Fe1n9UUY6mifY=
github.com/ikawaha/kagome.ipadic v1.1.0/go.mod h1:DPSBbU0czaJhAb/5uKQZHMc9MTVRpDugJfX+HddPHHg=
github.com/jessevdk/go-assets v0.0.0-20160921144138-4f4301a06e15 h1:cW/amwGEJK5MSKntPXRjX4dxs/nGxGT8gXKIsKFmHGc=
github.com/jessevdk/go-assets v0.0.0-20160921144138-4f4301a06e15/go.mod h1:Fdm/oWRW+CH8PRbLntksCNtmcCBximKPkVQYvmMl80k=
github.com/mattn/go-gimei v0.0.0-20190131075016-6a4b8c0a2634 h1:rQws1wZBzK8WU0PdQtlpk/T6U/S1jtLotE71QSBFV1U=
github.com/mattn/go-gimei v0.0.0-20190131075016-6a4b8c0a2634/go.mod h1:4ggHGpvxbte2tfR5dSMcNG6EjEETJRJZfMnvdI7naK8=
github.com/miiton/kanaconv v0.0.0-20190113030651-37b47860541b h1:eMbA1u9vml+nN2e0+bJJb6APiRiw3Tf+VgvfCDWnbbc=
github.com/miiton/kanaconv v0.0.0-20190113030651-37b47860541b/go.mod h1:QrxJBSmXXUCbXp+bDg28x8dvOPMSakVnREovgqvgtP4=
golang.org/x/crypto v0.0.0-20190308221718-c2843e01d9a2/go.mod h1:djNgcEr1/C05ACkg1iLfiJU5Ep61QUkGW8qpdssI0+w=
golang.org/x/crypto v0.0.0-20190611184440-5c40567a22f8 h1:1wopBVtVdWnn03fZelqdXTqk7U7zPQCb+T4rbU9ZEoU=
golang.org/x/crypto v0.0.0-20190611184440-5c40567a22f8/go.mod h1:yigFU9vqHzYiE8UmvKecakEJjdnWj3jj499lnFckfCI=
golang.org/x/net v0.0.0-20190404232315-eb5bcb51f2a3/go.mod h1:t9HGtf8HONx5eT2rtn7q6eTqICYqUVnKs3thJo3Qplg=
golang.org/x/sys v0.0.0-20190215142949-d0b11bdaac8a/go.mod h1:STP8DvDyc/dI5b8T5hshtkjS+E42TnysNCUPdjciGhY=
golang.org/x/sys v0.0.0-20190412213103-97732733099d h1:+R4KGOnez64A81RvjARKc4UT5/tI9ujCIVX+P5KiHuI=
golang.org/x/sys v0.0.0-20190412213103-97732733099d/go.mod h1:h1NjWce9XRLGQEsW7wpKNCjG9DtNlClVuFLEZdDNbEs=
golang.org/x/text v0.3.0/go.mod h1:NqM8EUOU14njkJ3fqMW+pc6Ldnwhi/IjpwHt7yyuwOQ=
gopkg.in/check.v1 v0.0.0-20161208181325-20d25e280405/go.mod h1:Co6ibVJAznAaIkqp8huTwlJQCZ016jof/cbN4VW5Yz0=
gopkg.in/yaml.v2 v2.2.2 h1:ZCJp+EgiOT7lHqUV2J862kp8Qj64Jo6az82+3Td9dZw=
gopkg.in/yaml.v2 v2.2.2/go.mod h1:hI93XBmqTisBFMUTm0b8Fm+jr3Dg1NNxqwp+5A1VGuI=
